
Microsoft Visual Studio Solution File, Format Version 12.00
# Visual Studio Version 16
VisualStudioVersion = 16.0.29424.173
MinimumVisualStudioVersion = 10.0.40219.1
Project("{FAE04EC0-301F-11D3-BF4B-00C04F79EFBC}") = "Console-TokenCache", "Console-TokenCache\Console-TokenCache.csproj", "{9286F81F-F57A-4B43-99AD-A7789771EC4C}"
EndProject
Global
	GlobalSection(SolutionConfigurationPlatforms) = preSolution
		Debug|Any CPU = Debug|Any CPU
		Release|Any CPU = Release|Any CPU
	EndGlobalSection
	GlobalSection(ProjectConfigurationPlatforms) = postSolution
		{9286F81F-F57A-4B43-99AD-A7789771EC4C}.Debug|Any CPU.ActiveCfg = Debug|Any CPU
		{9286F81F-F57A-4B43-99AD-A7789771EC4C}.Debug|Any CPU.Build.0 = Debug|Any CPU
		{9286F81F-F57A-4B43-99AD-A7789771EC4C}.Release|Any CPU.ActiveCfg = Release|Any CPU
		{9286F81F-F57A-4B43-99AD-A7789771EC4C}.Release|Any CPU.Build.0 = Release|Any CPU
	EndGlobalSection
	GlobalSection(SolutionProperties) = preSolution
		HideSolutionNode = FALSE
	EndGlobalSection
	GlobalSection(ExtensibilityGlobals) = postSolution
		SolutionGuid = {305EF8E8-BB35-44FD-A26D-546A38F197EC}
	EndGlobalSection
EndGlobal
