
Microsoft Visual Studio Solution File, Format Version 12.00
# Visual Studio Version 16
VisualStudioVersion = 16.0.30011.22
MinimumVisualStudioVersion = 10.0.40219.1
Project("{9A19103F-16F7-4668-BE54-9A1E7A4F7556}") = "Console-DeviceCodeFlow-MultiTarget-v2", "Console-DeviceCodeFlow-MultiTarget\Console-DeviceCodeFlow-MultiTarget-v2.csproj", "{23239B0D-FF39-43E7-998D-BCC885D918C2}"
EndProject
Global
	GlobalSection(SolutionConfigurationPlatforms) = preSolution
		Debug|Any CPU = Debug|Any CPU
		Release|Any CPU = Release|Any CPU
	EndGlobalSection
	GlobalSection(ProjectConfigurationPlatforms) = postSolution
		{23239B0D-FF39-43E7-998D-BCC885D918C2}.Debug|Any CPU.ActiveCfg = Debug|Any CPU
		{23239B0D-FF39-43E7-998D-BCC885D918C2}.Debug|Any CPU.Build.0 = Debug|Any CPU
		{23239B0D-FF39-43E7-998D-BCC885D918C2}.Release|Any CPU.ActiveCfg = Release|Any CPU
		{23239B0D-FF39-43E7-998D-BCC885D918C2}.Release|Any CPU.Build.0 = Release|Any CPU
	EndGlobalSection
	GlobalSection(SolutionProperties) = preSolution
		HideSolutionNode = FALSE
	EndGlobalSection
	GlobalSection(ExtensibilityGlobals) = postSolution
		SolutionGuid = {04F72127-4CDB-4189-A854-4B2C7FD7D6C3}
	EndGlobalSection
EndGlobal
